
Microsoft Visual Studio Solution File, Format Version 12.00
# Visual Studio Version 17
VisualStudioVersion = 17.4.33213.308
MinimumVisualStudioVersion = 10.0.40219.1
Project("{8BC9CEB8-8B4A-11D0-8D11-00A0C91BC942}") = "3 Gewinnt", "3 Gewinnt\3 Gewinnt.vcxproj", "{0B4BBAAC-847A-4D12-B3B7-145894620398}"
EndProject
Global
	GlobalSection(SolutionConfigurationPlatforms) = preSolution
		Debug|x64 = Debug|x64
		Debug|x86 = Debug|x86
		Release|x64 = Release|x64
		Release|x86 = Release|x86
	EndGlobalSection
	GlobalSection(ProjectConfigurationPlatforms) = postSolution
		{0B4BBAAC-847A-4D12-B3B7-145894620398}.Debug|x64.ActiveCfg = Debug|x64
		{0B4BBAAC-847A-4D12-B3B7-145894620398}.Debug|x64.Build.0 = Debug|x64
		{0B4BBAAC-847A-4D12-B3B7-145894620398}.Debug|x86.ActiveCfg = Debug|Win32
		{0B4BBAAC-847A-4D12-B3B7-145894620398}.Debug|x86.Build.0 = Debug|Win32
		{0B4BBAAC-847A-4D12-B3B7-145894620398}.Release|x64.ActiveCfg = Release|x64
		{0B4BBAAC-847A-4D12-B3B7-145894620398}.Release|x64.Build.0 = Release|x64
		{0B4BBAAC-847A-4D12-B3B7-145894620398}.Release|x86.ActiveCfg = Release|Win32
		{0B4BBAAC-847A-4D12-B3B7-145894620398}.Release|x86.Build.0 = Release|Win32
	EndGlobalSection
	GlobalSection(SolutionProperties) = preSolution
		HideSolutionNode = FALSE
	EndGlobalSection
	GlobalSection(ExtensibilityGlobals) = postSolution
		SolutionGuid = {DDA923BD-4B33-4DAE-A464-29C7E5459ECF}
	EndGlobalSection
EndGlobal
